
Microsoft Visual Studio Solution File, Format Version 12.00
# Visual Studio 15
VisualStudioVersion = 15.0.27428.2043
MinimumVisualStudioVersion = 10.0.40219.1
Project("{FAE04EC0-301F-11D3-BF4B-00C04F79EFBC}") = "NEASBillader.Android", "NEASBillader\NEASBillader.Android\NEASBillader.Android.csproj", "{3B6CB013-51CC-4174-96A7-4E32A0607881}"
EndProject
Project("{FAE04EC0-301F-11D3-BF4B-00C04F79EFBC}") = "NEASBillader.iOS", "NEASBillader\NEASBillader.iOS\NEASBillader.iOS.csproj", "{D40AD108-39D5-4996-85A1-934AC9140D02}"
EndProject
Project("{FAE04EC0-301F-11D3-BF4B-00C04F79EFBC}") = "NEASBillader.UWP", "NEASBillader\NEASBillader.UWP\NEASBillader.UWP.csproj", "{BC41B477-EBCD-47EF-9F43-B229946675AD}"
EndProject
Project("{FAE04EC0-301F-11D3-BF4B-00C04F79EFBC}") = "NEASBillader", "NEASBillader\NEASBillader\NEASBillader.csproj", "{191A39D5-051E-42F1-B9EC-FCD490A0D2F6}"
EndProject
Global
	GlobalSection(SolutionConfigurationPlatforms) = preSolution
		Ad-Hoc|Any CPU = Ad-Hoc|Any CPU
		Ad-Hoc|ARM = Ad-Hoc|ARM
		Ad-Hoc|iPhone = Ad-Hoc|iPhone
		Ad-Hoc|iPhoneSimulator = Ad-Hoc|iPhoneSimulator
		Ad-Hoc|x64 = Ad-Hoc|x64
		Ad-Hoc|x86 = Ad-Hoc|x86
		AppStore|Any CPU = AppStore|Any CPU
		AppStore|ARM = AppStore|ARM
		AppStore|iPhone = AppStore|iPhone
		AppStore|iPhoneSimulator = AppStore|iPhoneSimulator
		AppStore|x64 = AppStore|x64
		AppStore|x86 = AppStore|x86
		Debug|Any CPU = Debug|Any CPU
		Debug|ARM = Debug|ARM
		Debug|iPhone = Debug|iPhone
		Debug|iPhoneSimulator = Debug|iPhoneSimulator
		Debug|x64 = Debug|x64
		Debug|x86 = Debug|x86
		Release|Any CPU = Release|Any CPU
		Release|ARM = Release|ARM
		Release|iPhone = Release|iPhone
		Release|iPhoneSimulator = Release|iPhoneSimulator
		Release|x64 = Release|x64
		Release|x86 = Release|x86
	EndGlobalSection
	GlobalSection(ProjectConfigurationPlatforms) = postSolution
		{3B6CB013-51CC-4174-96A7-4E32A0607881}.Ad-Hoc|Any CPU.ActiveCfg = Release|Any CPU
		{3B6CB013-51CC-4174-96A7-4E32A0607881}.Ad-Hoc|Any CPU.Build.0 = Release|Any CPU
		{3B6CB013-51CC-4174-96A7-4E32A0607881}.Ad-Hoc|Any CPU.Deploy.0 = Release|Any CPU
		{3B6CB013-51CC-4174-96A7-4E32A0607881}.Ad-Hoc|ARM.ActiveCfg = Release|Any CPU
		{3B6CB013-51CC-4174-96A7-4E32A0607881}.Ad-Hoc|ARM.Build.0 = Release|Any CPU
		{3B6CB013-51CC-4174-96A7-4E32A0607881}.Ad-Hoc|ARM.Deploy.0 = Release|Any CPU
		{3B6CB013-51CC-4174-96A7-4E32A0607881}.Ad-Hoc|iPhone.ActiveCfg = Release|Any CPU
		{3B6CB013-51CC-4174-96A7-4E32A0607881}.Ad-Hoc|iPhone.Build.0 = Release|Any CPU
		{3B6CB013-51CC-4174-96A7-4E32A0607881}.Ad-Hoc|iPhone.Deploy.0 = Release|Any CPU
		{3B6CB013-51CC-4174-96A7-4E32A0607881}.Ad-Hoc|iPhoneSimulator.ActiveCfg = Release|Any CPU
		{3B6CB013-51CC-4174-96A7-4E32A0607881}.Ad-Hoc|iPhoneSimulator.Build.0 = Release|Any CPU
		{3B6CB013-51CC-4174-96A7-4E32A0607881}.Ad-Hoc|iPhoneSimulator.Deploy.0 = Release|Any CPU
		{3B6CB013-51CC-4174-96A7-4E32A0607881}.Ad-Hoc|x64.ActiveCfg = Release|Any CPU
		{3B6CB013-51CC-4174-96A7-4E32A0607881}.Ad-Hoc|x64.Build.0 = Release|Any CPU
		{3B6CB013-51CC-4174-96A7-4E32A0607881}.Ad-Hoc|x64.Deploy.0 = Release|Any CPU
		{3B6CB013-51CC-4174-96A7-4E32A0607881}.Ad-Hoc|x86.ActiveCfg = Release|Any CPU
		{3B6CB013-51CC-4174-96A7-4E32A0607881}.Ad-Hoc|x86.Build.0 = Release|Any CPU
		{3B6CB013-51CC-4174-96A7-4E32A0607881}.Ad-Hoc|x86.Deploy.0 = Release|Any CPU
		{3B6CB013-51CC-4174-96A7-4E32A0607881}.AppStore|Any CPU.ActiveCfg = Release|Any CPU
		{3B6CB013-51CC-4174-96A7-4E32A0607881}.AppStore|Any CPU.Build.0 = Release|Any CPU
		{3B6CB013-51CC-4174-96A7-4E32A0607881}.AppStore|Any CPU.Deploy.0 = Release|Any CPU
		{3B6CB013-51CC-4174-96A7-4E32A0607881}.AppStore|ARM.ActiveCfg = Release|Any CPU
		{3B6CB013-51CC-4174-96A7-4E32A0607881}.AppStore|ARM.Build.0 = Release|Any CPU
		{3B6CB013-51CC-4174-96A7-4E32A0607881}.AppStore|ARM.Deploy.0 = Release|Any CPU
		{3B6CB013-51CC-4174-96A7-4E32A0607881}.AppStore|iPhone.ActiveCfg = Release|Any CPU
		{3B6CB013-51CC-4174-96A7-4E32A0607881}.AppStore|iPhone.Build.0 = Release|Any CPU
		{3B6CB013-51CC-4174-96A7-4E32A0607881}.AppStore|iPhone.Deploy.0 = Release|Any CPU
		{3B6CB013-51CC-4174-96A7-4E32A0607881}.AppStore|iPhoneSimulator.ActiveCfg = Release|Any CPU
		{3B6CB013-51CC-4174-96A7-4E32A0607881}.AppStore|iPhoneSimulator.Build.0 = Release|Any CPU
		{3B6CB013-51CC-4174-96A7-4E32A0607881}.AppStore|iPhoneSimulator.Deploy.0 = Release|Any CPU
		{3B6CB013-51CC-4174-96A7-4E32A0607881}.AppStore|x64.ActiveCfg = Release|Any CPU
		{3B6CB013-51CC-4174-96A7-4E32A0607881}.AppStore|x64.Build.0 = Release|Any CPU
		{3B6CB013-51CC-4174-96A7-4E32A0607881}.AppStore|x64.Deploy.0 = Release|Any CPU
		{3B6CB013-51CC-4174-96A7-4E32A0607881}.AppStore|x86.ActiveCfg = Release|Any CPU
		{3B6CB013-51CC-4174-96A7-4E32A0607881}.AppStore|x86.Build.0 = Release|Any CPU
		{3B6CB013-51CC-4174-96A7-4E32A0607881}.AppStore|x86.Deploy.0 = Release|Any CPU
		{3B6CB013-51CC-4174-96A7-4E32A0607881}.Debug|Any CPU.ActiveCfg = Debug|Any CPU
		{3B6CB013-51CC-4174-96A7-4E32A0607881}.Debug|Any CPU.Build.0 = Debug|Any CPU
		{3B6CB013-51CC-4174-96A7-4E32A0607881}.Debug|Any CPU.Deploy.0 = Debug|Any CPU
		{3B6CB013-51CC-4174-96A7-4E32A0607881}.Debug|ARM.ActiveCfg = Debug|Any CPU
		{3B6CB013-51CC-4174-96A7-4E32A0607881}.Debug|ARM.Build.0 = Debug|Any CPU
		{3B6CB013-51CC-4174-96A7-4E32A0607881}.Debug|ARM.Deploy.0 = Debug|Any CPU
		{3B6CB013-51CC-4174-96A7-4E32A0607881}.Debug|iPhone.ActiveCfg = Debug|Any CPU
		{3B6CB013-51CC-4174-96A7-4E32A0607881}.Debug|iPhone.Build.0 = Debug|Any CPU
		{3B6CB013-51CC-4174-96A7-4E32A0607881}.Debug|iPhone.Deploy.0 = Debug|Any CPU
		{3B6CB013-51CC-4174-96A7-4E32A0607881}.Debug|iPhoneSimulator.ActiveCfg = Debug|Any CPU
		{3B6CB013-51CC-4174-96A7-4E32A0607881}.Debug|iPhoneSimulator.Build.0 = Debug|Any CPU
		{3B6CB013-51CC-4174-96A7-4E32A0607881}.Debug|iPhoneSimulator.Deploy.0 = Debug|Any CPU
		{3B6CB013-51CC-4174-96A7-4E32A0607881}.Debug|x64.ActiveCfg = Debug|Any CPU
		{3B6CB013-51CC-4174-96A7-4E32A0607881}.Debug|x64.Build.0 = Debug|Any CPU
		{3B6CB013-51CC-4174-96A7-4E32A0607881}.Debug|x64.Deploy.0 = Debug|Any CPU
		{3B6CB013-51CC-4174-96A7-4E32A0607881}.Debug|x86.ActiveCfg = Debug|Any CPU
		{3B6CB013-51CC-4174-96A7-4E32A0607881}.Debug|x86.Build.0 = Debug|Any CPU
		{3B6CB013-51CC-4174-96A7-4E32A0607881}.Debug|x86.Deploy.0 = Debug|Any CPU
		{3B6CB013-51CC-4174-96A7-4E32A0607881}.Release|Any CPU.ActiveCfg = Release|Any CPU
		{3B6CB013-51CC-4174-96A7-4E32A0607881}.Release|Any CPU.Build.0 = Release|Any CPU
		{3B6CB013-51CC-4174-96A7-4E32A0607881}.Release|Any CPU.Deploy.0 = Release|Any CPU
		{3B6CB013-51CC-4174-96A7-4E32A0607881}.Release|ARM.ActiveCfg = Release|Any CPU
		{3B6CB013-51CC-4174-96A7-4E32A0607881}.Release|ARM.Build.0 = Release|Any CPU
		{3B6CB013-51CC-4174-96A7-4E32A0607881}.Release|ARM.Deploy.0 = Release|Any CPU
		{3B6CB013-51CC-4174-96A7-4E32A0607881}.Release|iPhone.ActiveCfg = Release|Any CPU
		{3B6CB013-51CC-4174-96A7-4E32A0607881}.Release|iPhone.Build.0 = Release|Any CPU
		{3B6CB013-51CC-4174-96A7-4E32A0607881}.Release|iPhone.Deploy.0 = Release|Any CPU
		{3B6CB013-51CC-4174-96A7-4E32A0607881}.Release|iPhoneSimulator.ActiveCfg = Release|Any CPU
		{3B6CB013-51CC-4174-96A7-4E32A0607881}.Release|iPhoneSimulator.Build.0 = Release|Any CPU
		{3B6CB013-51CC-4174-96A7-4E32A0607881}.Release|iPhoneSimulator.Deploy.0 = Release|Any CPU
		{3B6CB013-51CC-4174-96A7-4E32A0607881}.Release|x64.ActiveCfg = Release|Any CPU
		{3B6CB013-51CC-4174-96A7-4E32A0607881}.Release|x64.Build.0 = Release|Any CPU
		{3B6CB013-51CC-4174-96A7-4E32A0607881}.Release|x64.Deploy.0 = Release|Any CPU
		{3B6CB013-51CC-4174-96A7-4E32A0607881}.Release|x86.ActiveCfg = Release|Any CPU
		{3B6CB013-51CC-4174-96A7-4E32A0607881}.Release|x86.Build.0 = Release|Any CPU
		{3B6CB013-51CC-4174-96A7-4E32A0607881}.Release|x86.Deploy.0 = Release|Any CPU
		{D40AD108-39D5-4996-85A1-934AC9140D02}.Ad-Hoc|Any CPU.ActiveCfg = Ad-Hoc|iPhone
		{D40AD108-39D5-4996-85A1-934AC9140D02}.Ad-Hoc|ARM.ActiveCfg = Ad-Hoc|iPhone
		{D40AD108-39D5-4996-85A1-934AC9140D02}.Ad-Hoc|iPhone.ActiveCfg = Ad-Hoc|iPhone
		{D40AD108-39D5-4996-85A1-934AC9140D02}.Ad-Hoc|iPhone.Build.0 = Ad-Hoc|iPhone
		{D40AD108-39D5-4996-85A1-934AC9140D02}.Ad-Hoc|iPhoneSimulator.ActiveCfg = Ad-Hoc|iPhoneSimulator
		{D40AD108-39D5-4996-85A1-934AC9140D02}.Ad-Hoc|iPhoneSimulator.Build.0 = Ad-Hoc|iPhoneSimulator
		{D40AD108-39D5-4996-85A1-934AC9140D02}.Ad-Hoc|x64.ActiveCfg = Ad-Hoc|iPhone
		{D40AD108-39D5-4996-85A1-934AC9140D02}.Ad-Hoc|x86.ActiveCfg = Ad-Hoc|iPhone
		{D40AD108-39D5-4996-85A1-934AC9140D02}.AppStore|Any CPU.ActiveCfg = AppStore|iPhone
		{D40AD108-39D5-4996-85A1-934AC9140D02}.AppStore|ARM.ActiveCfg = AppStore|iPhone
		{D40AD108-39D5-4996-85A1-934AC9140D02}.AppStore|iPhone.ActiveCfg = AppStore|iPhone
		{D40AD108-39D5-4996-85A1-934AC9140D02}.AppStore|iPhone.Build.0 = AppStore|iPhone
		{D40AD108-39D5-4996-85A1-934AC9140D02}.AppStore|iPhoneSimulator.ActiveCfg = AppStore|iPhoneSimulator
		{D40AD108-39D5-4996-85A1-934AC9140D02}.AppStore|iPhoneSimulator.Build.0 = AppStore|iPhoneSimulator
		{D40AD108-39D5-4996-85A1-934AC9140D02}.AppStore|x64.ActiveCfg = AppStore|iPhone
		{D40AD108-39D5-4996-85A1-934AC9140D02}.AppStore|x86.ActiveCfg = AppStore|iPhone
		{D40AD108-39D5-4996-85A1-934AC9140D02}.Debug|Any CPU.ActiveCfg = Debug|iPhone
		{D40AD108-39D5-4996-85A1-934AC9140D02}.Debug|ARM.ActiveCfg = Debug|iPhone
		{D40AD108-39D5-4996-85A1-934AC9140D02}.Debug|iPhone.ActiveCfg = Debug|iPhone
		{D40AD108-39D5-4996-85A1-934AC9140D02}.Debug|iPhone.Build.0 = Debug|iPhone
		{D40AD108-39D5-4996-85A1-934AC9140D02}.Debug|iPhoneSimulator.ActiveCfg = Debug|iPhoneSimulator
		{D40AD108-39D5-4996-85A1-934AC9140D02}.Debug|iPhoneSimulator.Build.0 = Debug|iPhoneSimulator
		{D40AD108-39D5-4996-85A1-934AC9140D02}.Debug|x64.ActiveCfg = Debug|iPhone
		{D40AD108-39D5-4996-85A1-934AC9140D02}.Debug|x86.ActiveCfg = Debug|iPhone
		{D40AD108-39D5-4996-85A1-934AC9140D02}.Release|Any CPU.ActiveCfg = Release|iPhone
		{D40AD108-39D5-4996-85A1-934AC9140D02}.Release|ARM.ActiveCfg = Release|iPhone
		{D40AD108-39D5-4996-85A1-934AC9140D02}.Release|iPhone.ActiveCfg = Release|iPhone
		{D40AD108-39D5-4996-85A1-934AC9140D02}.Release|iPhone.Build.0 = Release|iPhone
		{D40AD108-39D5-4996-85A1-934AC9140D02}.Release|iPhoneSimulator.ActiveCfg = Release|iPhoneSimulator
		{D40AD108-39D5-4996-85A1-934AC9140D02}.Release|iPhoneSimulator.Build.0 = Release|iPhoneSimulator
		{D40AD108-39D5-4996-85A1-934AC9140D02}.Release|x64.ActiveCfg = Release|iPhone
		{D40AD108-39D5-4996-85A1-934AC9140D02}.Release|x86.ActiveCfg = Release|iPhone
		{BC41B477-EBCD-47EF-9F43-B229946675AD}.Ad-Hoc|Any CPU.ActiveCfg = Release|x86
		{BC41B477-EBCD-47EF-9F43-B229946675AD}.Ad-Hoc|Any CPU.Build.0 = Release|x86
		{BC41B477-EBCD-47EF-9F43-B229946675AD}.Ad-Hoc|Any CPU.Deploy.0 = Release|x86
		{BC41B477-EBCD-47EF-9F43-B229946675AD}.Ad-Hoc|ARM.ActiveCfg = Release|ARM
		{BC41B477-EBCD-47EF-9F43-B229946675AD}.Ad-Hoc|ARM.Build.0 = Release|ARM
		{BC41B477-EBCD-47EF-9F43-B229946675AD}.Ad-Hoc|ARM.Deploy.0 = Release|ARM
		{BC41B477-EBCD-47EF-9F43-B229946675AD}.Ad-Hoc|iPhone.ActiveCfg = Release|x86
		{BC41B477-EBCD-47EF-9F43-B229946675AD}.Ad-Hoc|iPhone.Build.0 = Release|x86
		{BC41B477-EBCD-47EF-9F43-B229946675AD}.Ad-Hoc|iPhone.Deploy.0 = Release|x86
		{BC41B477-EBCD-47EF-9F43-B229946675AD}.Ad-Hoc|iPhoneSimulator.ActiveCfg = Release|x86
		{BC41B477-EBCD-47EF-9F43-B229946675AD}.Ad-Hoc|iPhoneSimulator.Build.0 = Release|x86
		{BC41B477-EBCD-47EF-9F43-B229946675AD}.Ad-Hoc|iPhoneSimulator.Deploy.0 = Release|x86
		{BC41B477-EBCD-47EF-9F43-B229946675AD}.Ad-Hoc|x64.ActiveCfg = Release|x64
		{BC41B477-EBCD-47EF-9F43-B229946675AD}.Ad-Hoc|x64.Build.0 = Release|x64
		{BC41B477-EBCD-47EF-9F43-B229946675AD}.Ad-Hoc|x64.Deploy.0 = Release|x64
		{BC41B477-EBCD-47EF-9F43-B229946675AD}.Ad-Hoc|x86.ActiveCfg = Release|x86
		{BC41B477-EBCD-47EF-9F43-B229946675AD}.Ad-Hoc|x86.Build.0 = Release|x86
		{BC41B477-EBCD-47EF-9F43-B229946675AD}.Ad-Hoc|x86.Deploy.0 = Release|x86
		{BC41B477-EBCD-47EF-9F43-B229946675AD}.AppStore|Any CPU.ActiveCfg = Release|x86
		{BC41B477-EBCD-47EF-9F43-B229946675AD}.AppStore|Any CPU.Build.0 = Release|x86
		{BC41B477-EBCD-47EF-9F43-B229946675AD}.AppStore|Any CPU.Deploy.0 = Release|x86
		{BC41B477-EBCD-47EF-9F43-B229946675AD}.AppStore|ARM.ActiveCfg = Release|ARM
		{BC41B477-EBCD-47EF-9F43-B229946675AD}.AppStore|ARM.Build.0 = Release|ARM
		{BC41B477-EBCD-47EF-9F43-B229946675AD}.AppStore|ARM.Deploy.0 = Release|ARM
		{BC41B477-EBCD-47EF-9F43-B229946675AD}.AppStore|iPhone.ActiveCfg = Release|x86
		{BC41B477-EBCD-47EF-9F43-B229946675AD}.AppStore|iPhone.Build.0 = Release|x86
		{BC41B477-EBCD-47EF-9F43-B229946675AD}.AppStore|iPhone.Deploy.0 = Release|x86
		{BC41B477-EBCD-47EF-9F43-B229946675AD}.AppStore|iPhoneSimulator.ActiveCfg = Release|x86
		{BC41B477-EBCD-47EF-9F43-B229946675AD}.AppStore|iPhoneSimulator.Build.0 = Release|x86
		{BC41B477-EBCD-47EF-9F43-B229946675AD}.AppStore|iPhoneSimulator.Deploy.0 = Release|x86
		{BC41B477-EBCD-47EF-9F43-B229946675AD}.AppStore|x64.ActiveCfg = Release|x64
		{BC41B477-EBCD-47EF-9F43-B229946675AD}.AppStore|x64.Build.0 = Release|x64
		{BC41B477-EBCD-47EF-9F43-B229946675AD}.AppStore|x64.Deploy.0 = Release|x64
		{BC41B477-EBCD-47EF-9F43-B229946675AD}.AppStore|x86.ActiveCfg = Release|x86
		{BC41B477-EBCD-47EF-9F43-B229946675AD}.AppStore|x86.Build.0 = Release|x86
		{BC41B477-EBCD-47EF-9F43-B229946675AD}.AppStore|x86.Deploy.0 = Release|x86
		{BC41B477-EBCD-47EF-9F43-B229946675AD}.Debug|Any CPU.ActiveCfg = Debug|x86
		{BC41B477-EBCD-47EF-9F43-B229946675AD}.Debug|ARM.ActiveCfg = Debug|ARM
		{BC41B477-EBCD-47EF-9F43-B229946675AD}.Debug|ARM.Build.0 = Debug|ARM
		{BC41B477-EBCD-47EF-9F43-B229946675AD}.Debug|ARM.Deploy.0 = Debug|ARM
		{BC41B477-EBCD-47EF-9F43-B229946675AD}.Debug|iPhone.ActiveCfg = Debug|x86
		{BC41B477-EBCD-47EF-9F43-B229946675AD}.Debug|iPhoneSimulator.ActiveCfg = Debug|x86
		{BC41B477-EBCD-47EF-9F43-B229946675AD}.Debug|x64.ActiveCfg = Debug|x64
		{BC41B477-EBCD-47EF-9F43-B229946675AD}.Debug|x64.Build.0 = Debug|x64
		{BC41B477-EBCD-47EF-9F43-B229946675AD}.Debug|x64.Deploy.0 = Debug|x64
		{BC41B477-EBCD-47EF-9F43-B229946675AD}.Debug|x86.ActiveCfg = Debug|x86
		{BC41B477-EBCD-47EF-9F43-B229946675AD}.Debug|x86.Build.0 = Debug|x86
		{BC41B477-EBCD-47EF-9F43-B229946675AD}.Debug|x86.Deploy.0 = Debug|x86
		{BC41B477-EBCD-47EF-9F43-B229946675AD}.Release|Any CPU.ActiveCfg = Release|x86
		{BC41B477-EBCD-47EF-9F43-B229946675AD}.Release|ARM.ActiveCfg = Release|ARM
		{BC41B477-EBCD-47EF-9F43-B229946675AD}.Release|ARM.Build.0 = Release|ARM
		{BC41B477-EBCD-47EF-9F43-B229946675AD}.Release|ARM.Deploy.0 = Release|ARM
		{BC41B477-EBCD-47EF-9F43-B229946675AD}.Release|iPhone.ActiveCfg = Release|x86
		{BC41B477-EBCD-47EF-9F43-B229946675AD}.Release|iPhoneSimulator.ActiveCfg = Release|x86
		{BC41B477-EBCD-47EF-9F43-B229946675AD}.Release|x64.ActiveCfg = Release|x64
		{BC41B477-EBCD-47EF-9F43-B229946675AD}.Release|x64.Build.0 = Release|x64
		{BC41B477-EBCD-47EF-9F43-B229946675AD}.Release|x64.Deploy.0 = Release|x64
		{BC41B477-EBCD-47EF-9F43-B229946675AD}.Release|x86.ActiveCfg = Release|x86
		{BC41B477-EBCD-47EF-9F43-B229946675AD}.Release|x86.Build.0 = Release|x86
		{BC41B477-EBCD-47EF-9F43-B229946675AD}.Release|x86.Deploy.0 = Release|x86
		{191A39D5-051E-42F1-B9EC-FCD490A0D2F6}.Ad-Hoc|Any CPU.ActiveCfg = Debug|Any CPU
		{191A39D5-051E-42F1-B9EC-FCD490A0D2F6}.Ad-Hoc|Any CPU.Build.0 = Debug|Any CPU
		{191A39D5-051E-42F1-B9EC-FCD490A0D2F6}.Ad-Hoc|ARM.ActiveCfg = Debug|Any CPU
		{191A39D5-051E-42F1-B9EC-FCD490A0D2F6}.Ad-Hoc|ARM.Build.0 = Debug|Any CPU
		{191A39D5-051E-42F1-B9EC-FCD490A0D2F6}.Ad-Hoc|iPhone.ActiveCfg = Debug|Any CPU
		{191A39D5-051E-42F1-B9EC-FCD490A0D2F6}.Ad-Hoc|iPhone.Build.0 = Debug|Any CPU
		{191A39D5-051E-42F1-B9EC-FCD490A0D2F6}.Ad-Hoc|iPhoneSimulator.ActiveCfg = Debug|Any CPU
		{191A39D5-051E-42F1-B9EC-FCD490A0D2F6}.Ad-Hoc|iPhoneSimulator.Build.0 = Debug|Any CPU
		{191A39D5-051E-42F1-B9EC-FCD490A0D2F6}.Ad-Hoc|x64.ActiveCfg = Debug|Any CPU
		{191A39D5-051E-42F1-B9EC-FCD490A0D2F6}.Ad-Hoc|x64.Build.0 = Debug|Any CPU
		{191A39D5-051E-42F1-B9EC-FCD490A0D2F6}.Ad-Hoc|x86.ActiveCfg = Debug|Any CPU
		{191A39D5-051E-42F1-B9EC-FCD490A0D2F6}.Ad-Hoc|x86.Build.0 = Debug|Any CPU
		{191A39D5-051E-42F1-B9EC-FCD490A0D2F6}.AppStore|Any CPU.ActiveCfg = Debug|Any CPU
		{191A39D5-051E-42F1-B9EC-FCD490A0D2F6}.AppStore|Any CPU.Build.0 = Debug|Any CPU
		{191A39D5-051E-42F1-B9EC-FCD490A0D2F6}.AppStore|ARM.ActiveCfg = Debug|Any CPU
		{191A39D5-051E-42F1-B9EC-FCD490A0D2F6}.AppStore|ARM.Build.0 = Debug|Any CPU
		{191A39D5-051E-42F1-B9EC-FCD490A0D2F6}.AppStore|iPhone.ActiveCfg = Debug|Any CPU
		{191A39D5-051E-42F1-B9EC-FCD490A0D2F6}.AppStore|iPhone.Build.0 = Debug|Any CPU
		{191A39D5-051E-42F1-B9EC-FCD490A0D2F6}.AppStore|iPhoneSimulator.ActiveCfg = Debug|Any CPU
		{191A39D5-051E-42F1-B9EC-FCD490A0D2F6}.AppStore|iPhoneSimulator.Build.0 = Debug|Any CPU
		{191A39D5-051E-42F1-B9EC-FCD490A0D2F6}.AppStore|x64.ActiveCfg = Debug|Any CPU
		{191A39D5-051E-42F1-B9EC-FCD490A0D2F6}.AppStore|x64.Build.0 = Debug|Any CPU
		{191A39D5-051E-42F1-B9EC-FCD490A0D2F6}.AppStore|x86.ActiveCfg = Debug|Any CPU
		{191A39D5-051E-42F1-B9EC-FCD490A0D2F6}.AppStore|x86.Build.0 = Debug|Any CPU
		{191A39D5-051E-42F1-B9EC-FCD490A0D2F6}.Debug|Any CPU.ActiveCfg = Debug|Any CPU
		{191A39D5-051E-42F1-B9EC-FCD490A0D2F6}.Debug|Any CPU.Build.0 = Debug|Any CPU
		{191A39D5-051E-42F1-B9EC-FCD490A0D2F6}.Debug|ARM.ActiveCfg = Debug|Any CPU
		{191A39D5-051E-42F1-B9EC-FCD490A0D2F6}.Debug|ARM.Build.0 = Debug|Any CPU
		{191A39D5-051E-42F1-B9EC-FCD490A0D2F6}.Debug|iPhone.ActiveCfg = Debug|Any CPU
		{191A39D5-051E-42F1-B9EC-FCD490A0D2F6}.Debug|iPhone.Build.0 = Debug|Any CPU
		{191A39D5-051E-42F1-B9EC-FCD490A0D2F6}.Debug|iPhoneSimulator.ActiveCfg = Debug|Any CPU
		{191A39D5-051E-42F1-B9EC-FCD490A0D2F6}.Debug|iPhoneSimulator.Build.0 = Debug|Any CPU
		{191A39D5-051E-42F1-B9EC-FCD490A0D2F6}.Debug|x64.ActiveCfg = Debug|Any CPU
		{191A39D5-051E-42F1-B9EC-FCD490A0D2F6}.Debug|x64.Build.0 = Debug|Any CPU
		{191A39D5-051E-42F1-B9EC-FCD490A0D2F6}.Debug|x86.ActiveCfg = Debug|Any CPU
		{191A39D5-051E-42F1-B9EC-FCD490A0D2F6}.Debug|x86.Build.0 = Debug|Any CPU
		{191A39D5-051E-42F1-B9EC-FCD490A0D2F6}.Release|Any CPU.ActiveCfg = Release|Any CPU
		{191A39D5-051E-42F1-B9EC-FCD490A0D2F6}.Release|Any CPU.Build.0 = Release|Any CPU
		{191A39D5-051E-42F1-B9EC-FCD490A0D2F6}.Release|ARM.ActiveCfg = Release|Any CPU
		{191A39D5-051E-42F1-B9EC-FCD490A0D2F6}.Release|ARM.Build.0 = Release|Any CPU
		{191A39D5-051E-42F1-B9EC-FCD490A0D2F6}.Release|iPhone.ActiveCfg = Release|Any CPU
		{191A39D5-051E-42F1-B9EC-FCD490A0D2F6}.Release|iPhone.Build.0 = Release|Any CPU
		{191A39D5-051E-42F1-B9EC-FCD490A0D2F6}.Release|iPhoneSimulator.ActiveCfg = Release|Any CPU
		{191A39D5-051E-42F1-B9EC-FCD490A0D2F6}.Release|iPhoneSimulator.Build.0 = Release|Any CPU
		{191A39D5-051E-42F1-B9EC-FCD490A0D2F6}.Release|x64.ActiveCfg = Release|Any CPU
		{191A39D5-051E-42F1-B9EC-FCD490A0D2F6}.Release|x64.Build.0 = Release|Any CPU
		{191A39D5-051E-42F1-B9EC-FCD490A0D2F6}.Release|x86.ActiveCfg = Release|Any CPU
		{191A39D5-051E-42F1-B9EC-FCD490A0D2F6}.Release|x86.Build.0 = Release|Any CPU
	EndGlobalSection
	GlobalSection(SolutionProperties) = preSolution
		HideSolutionNode = FALSE
	EndGlobalSection
	GlobalSection(ExtensibilityGlobals) = postSolution
		SolutionGuid = {D27769C0-EB8A-4E32-8D68-84C49AE9572A}
	EndGlobalSection
EndGlobal
